
Microsoft Visual Studio Solution File, Format Version 12.00
# Visual Studio 2012
Project("{8BC9CEB8-8B4A-11D0-8D11-00A0C91BC942}") = "ConsoleApplication0502", "ConsoleApplication0502\ConsoleApplication0502.vcxproj", "{D20BB951-193E-40E6-A13A-20262C7F7CAF}"
EndProject
Global
	GlobalSection(SolutionConfigurationPlatforms) = preSolution
		Debug|Win32 = Debug|Win32
		Release|Win32 = Release|Win32
	EndGlobalSection
	GlobalSection(ProjectConfigurationPlatforms) = postSolution
		{D20BB951-193E-40E6-A13A-20262C7F7CAF}.Debug|Win32.ActiveCfg = Debug|Win32
		{D20BB951-193E-40E6-A13A-20262C7F7CAF}.Debug|Win32.Build.0 = Debug|Win32
		{D20BB951-193E-40E6-A13A-20262C7F7CAF}.Release|Win32.ActiveCfg = Release|Win32
		{D20BB951-193E-40E6-A13A-20262C7F7CAF}.Release|Win32.Build.0 = Release|Win32
	EndGlobalSection
	GlobalSection(SolutionProperties) = preSolution
		HideSolutionNode = FALSE
	EndGlobalSection
EndGlobal
